{
    "hash": "f51e795e8bfb780273ab6ec0afe05405",
    "packages": [
        {
            "package": "allplayers/allplayers-php",
            "version": "dev-guzzle-allplayers",
            "source-reference": "3066c29ec101056eff75a5769cd80d198ec62399",
            "commit-date": "1347459044"
        },
        {
            "package": "guzzle/guzzle",
            "version": "v2.8.6"
        },
        {
            "package": "pimple/pimple",
            "version": "dev-master",
            "alias-pretty-version": "1.0.x-dev",
            "alias-version": "1.0.9999999.9999999-dev"
        },
        {
            "package": "pimple/pimple",
            "version": "dev-master",
            "source-reference": "b9f27b8dc18c08f00627dec02359b46a24791dc3",
            "commit-date": "1347278988"
        },
        {
            "package": "silex/silex",
            "version": "dev-master",
            "alias-pretty-version": "1.0.x-dev",
            "alias-version": "1.0.9999999.9999999-dev"
        },
        {
            "package": "silex/silex",
            "version": "dev-master",
            "source-reference": "a9e34f08ab00c4cc6c97e7ae8fdf7d0fc367e5f5",
            "commit-date": "1347298149"
        },
        {
            "package": "symfony/event-dispatcher",
            "version": "2.1.x-dev",
            "source-reference": "v2.1.1",
            "commit-date": "1347274422"
        },
        {
            "package": "symfony/http-foundation",
            "version": "2.1.x-dev",
            "source-reference": "v2.1.1",
            "commit-date": "1346761482"
        },
        {
            "package": "symfony/http-kernel",
            "version": "2.1.x-dev",
            "source-reference": "584499e64026f41c4be938ed35d8f0a9a9eebd38",
            "commit-date": "1347354770"
        },
        {
            "package": "symfony/routing",
            "version": "2.1.x-dev",
            "source-reference": "v2.1.1",
            "commit-date": "1347274422"
        },
        {
            "package": "twig/twig",
            "version": "dev-master",
            "alias-pretty-version": "1.9.x-dev",
            "alias-version": "1.9.9999999.9999999-dev"
        },
        {
            "package": "twig/twig",
            "version": "dev-master",
            "source-reference": "956a66e6da304ead2aa2632acc01118b360d19d3",
            "commit-date": "1347542132"
        }
    ],
    "packages-dev": [
        {
            "package": "behat/behat",
            "version": "v2.4.0"
        },
        {
            "package": "behat/gherkin",
            "version": "v2.2.4"
        },
        {
            "package": "behat/mink",
            "version": "v1.4.0"
        },
        {
            "package": "behat/mink-browserkit-driver",
            "version": "dev-master",
            "source-reference": "97fa7d67ab5afb13d74515c15ef5c0cab12c0bc0",
            "commit-date": "1341477260"
        },
        {
            "package": "behat/mink-extension",
            "version": "dev-master",
            "source-reference": "43b36e2d6682a4b257cb2b0f994a0b45faf033ee",
            "commit-date": "1347458052"
        },
        {
            "package": "behat/mink-goutte-driver",
            "version": "dev-master",
            "source-reference": "703a365a0f6c15f91f35c1cc30531b9de7f23a6d",
            "commit-date": "1345633817"
        },
        {
            "package": "behat/mink-selenium2-driver",
            "version": "dev-master",
            "source-reference": "11fd094d7b5809b265cd336316d7e4ce7e4f5fe6",
            "commit-date": "1347022643"
        },
        {
            "package": "fabpot/goutte",
            "version": "dev-master",
            "source-reference": "1d72f22b21b37a8d38ea48e17b34c3afc73dfc46",
            "commit-date": "1346234818"
        },
        {
            "package": "instaclick/php-webdriver",
            "version": "dev-master",
            "source-reference": "v1.0.6",
            "commit-date": "1345642676"
        },
        {
            "package": "symfony/browser-kit",
            "version": "2.1.x-dev",
            "source-reference": "v2.1.1",
            "commit-date": "1347274422"
        },
        {
            "package": "symfony/config",
            "version": "2.1.x-dev",
            "source-reference": "v2.1.0-RC2",
            "commit-date": "1345643321"
        },
        {
            "package": "symfony/console",
            "version": "2.1.x-dev",
            "source-reference": "v2.1.1",
            "commit-date": "1345643321"
        },
        {
            "package": "symfony/css-selector",
            "version": "2.1.x-dev",
            "source-reference": "v2.1.0-RC2",
            "commit-date": "1345643321"
        },
        {
            "package": "symfony/dependency-injection",
            "version": "2.1.x-dev",
            "source-reference": "v2.1.1",
            "commit-date": "1347274422"
        },
        {
            "package": "symfony/dom-crawler",
            "version": "2.1.x-dev",
            "source-reference": "v2.1.1",
            "commit-date": "1347274422"
        },
        {
            "package": "symfony/finder",
            "version": "2.1.x-dev",
            "source-reference": "v2.1.0-RC2",
            "commit-date": "1345643321"
        },
        {
            "package": "symfony/process",
            "version": "2.1.x-dev",
            "source-reference": "v2.1.1",
            "commit-date": "1346330945"
        },
        {
            "package": "symfony/translation",
            "version": "2.1.x-dev",
            "source-reference": "v2.1.1",
            "commit-date": "1347274422"
        },
        {
            "package": "symfony/yaml",
            "version": "2.1.x-dev",
            "source-reference": "v2.1.0-RC2",
            "commit-date": "1345643321"
        }
    ],
    "aliases": [

    ],
    "minimum-stability": "dev",
    "stability-flags": {
        "allplayers/allplayers-php": 20,
        "behat/behat": 0
    }
}
